
Microsoft Visual Studio Solution File, Format Version 12.00
# Visual Studio Version 17
VisualStudioVersion = 17.14.36414.22
MinimumVisualStudioVersion = 10.0.40219.1
Project("{FAE04EC0-301F-11D3-BF4B-00C04F79EFBC}") = "dangnhap", "dangnhap.csproj", "{4BEE4153-127F-4E2E-B2A2-B9F8377102EE}"
EndProject
Global
	GlobalSection(SolutionConfigurationPlatforms) = preSolution
		Debug|Any CPU = Debug|Any CPU
		Release|Any CPU = Release|Any CPU
	EndGlobalSection
	GlobalSection(ProjectConfigurationPlatforms) = postSolution
		{4BEE4153-127F-4E2E-B2A2-B9F8377102EE}.Debug|Any CPU.ActiveCfg = Debug|Any CPU
		{4BEE4153-127F-4E2E-B2A2-B9F8377102EE}.Debug|Any CPU.Build.0 = Debug|Any CPU
		{4BEE4153-127F-4E2E-B2A2-B9F8377102EE}.Release|Any CPU.ActiveCfg = Release|Any CPU
		{4BEE4153-127F-4E2E-B2A2-B9F8377102EE}.Release|Any CPU.Build.0 = Release|Any CPU
	EndGlobalSection
	GlobalSection(SolutionProperties) = preSolution
		HideSolutionNode = FALSE
	EndGlobalSection
	GlobalSection(ExtensibilityGlobals) = postSolution
		SolutionGuid = {34CE3ECC-F2E6-42D8-8811-6FE1137EE61D}
	EndGlobalSection
EndGlobal
